
Microsoft Visual Studio Solution File, Format Version 12.00
# Visual Studio Version 17
VisualStudioVersion = 17.14.36119.2 d17.14
MinimumVisualStudioVersion = 10.0.40219.1
Project("{FAE04EC0-301F-11D3-BF4B-00C04F79EFBC}") = "sekizinciuygulamam", "sekizinciuygulamam\sekizinciuygulamam.csproj", "{952AEB75-28DE-4E15-9629-C44C33D462FD}"
EndProject
Global
	GlobalSection(SolutionConfigurationPlatforms) = preSolution
		Debug|Any CPU = Debug|Any CPU
		Release|Any CPU = Release|Any CPU
	EndGlobalSection
	GlobalSection(ProjectConfigurationPlatforms) = postSolution
		{952AEB75-28DE-4E15-9629-C44C33D462FD}.Debug|Any CPU.ActiveCfg = Debug|Any CPU
		{952AEB75-28DE-4E15-9629-C44C33D462FD}.Debug|Any CPU.Build.0 = Debug|Any CPU
		{952AEB75-28DE-4E15-9629-C44C33D462FD}.Release|Any CPU.ActiveCfg = Release|Any CPU
		{952AEB75-28DE-4E15-9629-C44C33D462FD}.Release|Any CPU.Build.0 = Release|Any CPU
	EndGlobalSection
	GlobalSection(SolutionProperties) = preSolution
		HideSolutionNode = FALSE
	EndGlobalSection
	GlobalSection(ExtensibilityGlobals) = postSolution
		SolutionGuid = {6F6D3BC0-4DD0-4F5A-99B7-E804AA0546BD}
	EndGlobalSection
EndGlobal
